// !$*UTF8*$!
{
	archiveVersion = 1;
	classes = {
	};
	objectVersion = 50;
	objects = {

/* Begin PBXBuildFile section */
		FA3BA1A1276B62A7001DE760 /* SetCardDeck.swift in Sources */ = {isa = PBXBuildFile; fileRef = FA3BA1A0276B62A7001DE760 /* SetCardDeck.swift */; };
		FA3BA1A4276B7886001DE760 /* SetGame.swift in Sources */ = {isa = PBXBuildFile; fileRef = FA3BA1A3276B7886001DE760 /* SetGame.swift */; };
		FA79A7D8275AA94B00D4856F /* CardButton.swift in Sources */ = {isa = PBXBuildFile; fileRef = FA79A7D7275AA94B00D4856F /* CardButton.swift */; };
		FACA85562759508D00D0901D /* AppDelegate.swift in Sources */ = {isa = PBXBuildFile; fileRef = FACA85552759508D00D0901D /* AppDelegate.swift */; };
		FACA85582759508D00D0901D /* SceneDelegate.swift in Sources */ = {isa = PBXBuildFile; fileRef = FACA85572759508D00D0901D /* SceneDelegate.swift */; };
		FACA855A2759508D00D0901D /* ViewController.swift in Sources */ = {isa = PBXBuildFile; fileRef = FACA85592759508D00D0901D /* ViewController.swift */; };
		FACA855D2759508D00D0901D /* Main.storyboard in Resources */ = {isa = PBXBuildFile; fileRef = FACA855B2759508D00D0901D /* Main.storyboard */; };
		FACA855F2759509000D0901D /* Assets.xcassets in Resources */ = {isa = PBXBuildFile; fileRef = FACA855E2759509000D0901D /* Assets.xcassets */; };
		FACA85622759509000D0901D /* LaunchScreen.storyboard in Resources */ = {isa = PBXBuildFile; fileRef = FACA85602759509000D0901D /* LaunchScreen.storyboard */; };
		FACA856F275951B000D0901D /* .gitignore in Resources */ = {isa = PBXBuildFile; fileRef = FACA856E275951B000D0901D /* .gitignore */; };
		FACA8579275954CD00D0901D /* Card.swift in Sources */ = {isa = PBXBuildFile; fileRef = FACA8578275954CD00D0901D /* Card.swift */; };
/* End PBXBuildFile section */

/* Begin PBXFileReference section */
		FA3BA1A0276B62A7001DE760 /* SetCardDeck.swift */ = {isa = PBXFileReference; lastKnownFileType = sourcecode.swift; path = SetCardDeck.swift; sourceTree = "<group>"; };
		FA3BA1A3276B7886001DE760 /* SetGame.swift */ = {isa = PBXFileReference; lastKnownFileType = sourcecode.swift; path = SetGame.swift; sourceTree = "<group>"; };
		FA79A7D7275AA94B00D4856F /* CardButton.swift */ = {isa = PBXFileReference; lastKnownFileType = sourcecode.swift; path = CardButton.swift; sourceTree = "<group>"; };
		FACA85522759508D00D0901D /* SetTheGame.app */ = {isa = PBXFileReference; explicitFileType = wrapper.application; includeInIndex = 0; path = SetTheGame.app; sourceTree = BUILT_PRODUCTS_DIR; };
		FACA85552759508D00D0901D /* AppDelegate.swift */ = {isa = PBXFileReference; lastKnownFileType = sourcecode.swift; path = AppDelegate.swift; sourceTree = "<group>"; };
		FACA85572759508D00D0901D /* SceneDelegate.swift */ = {isa = PBXFileReference; lastKnownFileType = sourcecode.swift; path = SceneDelegate.swift; sourceTree = "<group>"; };
		FACA85592759508D00D0901D /* ViewController.swift */ = {isa = PBXFileReference; lastKnownFileType = sourcecode.swift; path = ViewController.swift; sourceTree = "<group>"; };
		FACA855C2759508D00D0901D /* Base */ = {isa = PBXFileReference; lastKnownFileType = file.storyboard; name = Base; path = Base.lproj/Main.storyboard; sourceTree = "<group>"; };
		FACA855E2759509000D0901D /* Assets.xcassets */ = {isa = PBXFileReference; lastKnownFileType = folder.assetcatalog; path = Assets.xcassets; sourceTree = "<group>"; };
		FACA85612759509000D0901D /* Base */ = {isa = PBXFileReference; lastKnownFileType = file.storyboard; name = Base; path = Base.lproj/LaunchScreen.storyboard; sourceTree = "<group>"; };
		FACA85632759509000D0901D /* Info.plist */ = {isa = PBXFileReference; lastKnownFileType = text.plist.xml; path = Info.plist; sourceTree = "<group>"; };
		FACA856E275951B000D0901D /* .gitignore */ = {isa = PBXFileReference; lastKnownFileType = text; path = .gitignore; sourceTree = "<group>"; };
		FACA8578275954CD00D0901D /* Card.swift */ = {isa = PBXFileReference; lastKnownFileType = sourcecode.swift; path = Card.swift; sourceTree = "<group>"; };
/* End PBXFileReference section */

/* Begin PBXFrameworksBuildPhase section */
		FACA854F2759508D00D0901D /* Frameworks */ = {
			isa = PBXFrameworksBuildPhase;
			buildActionMask = 2147483647;
			files = (
			);
			runOnlyForDeploymentPostprocessing = 0;
		};
/* End PBXFrameworksBuildPhase section */

/* Begin PBXGroup section */
		FACA85492759508D00D0901D = {
			isa = PBXGroup;
			children = (
				FACA856E275951B000D0901D /* .gitignore */,
				FACA85542759508D00D0901D /* SetTheGame */,
				FACA85532759508D00D0901D /* Products */,
			);
			sourceTree = "<group>";
		};
		FACA85532759508D00D0901D /* Products */ = {
			isa = PBXGroup;
			children = (
				FACA85522759508D00D0901D /* SetTheGame.app */,
			);
			name = Products;
			sourceTree = "<group>";
		};
		FACA85542759508D00D0901D /* SetTheGame */ = {
			isa = PBXGroup;
			children = (
				FACAEE842770950F00F3D223 /* Model */,
				FACAEE82277094F000F3D223 /* Controller */,
				FACA855B2759508D00D0901D /* Main.storyboard */,
				FACA85602759509000D0901D /* LaunchScreen.storyboard */,
				FACA85732759546400D0901D /* Supporting files */,
			);
			path = SetTheGame;
			sourceTree = "<group>";
		};
		FACA85732759546400D0901D /* Supporting files */ = {
			isa = PBXGroup;
			children = (
				FACA85572759508D00D0901D /* SceneDelegate.swift */,
				FACA855E2759509000D0901D /* Assets.xcassets */,
				FACA85632759509000D0901D /* Info.plist */,
				FACA85552759508D00D0901D /* AppDelegate.swift */,
			);
			path = "Supporting files";
			sourceTree = "<group>";
		};
		FACAEE82277094F000F3D223 /* Controller */ = {
			isa = PBXGroup;
			children = (
				FA79A7D7275AA94B00D4856F /* CardButton.swift */,
				FACA85592759508D00D0901D /* ViewController.swift */,
			);
			path = Controller;
			sourceTree = "<group>";
		};
		FACAEE842770950F00F3D223 /* Model */ = {
			isa = PBXGroup;
			children = (
				FA3BA1A3276B7886001DE760 /* SetGame.swift */,
				FA3BA1A0276B62A7001DE760 /* SetCardDeck.swift */,
				FACA8578275954CD00D0901D /* Card.swift */,
			);
			path = Model;
			sourceTree = "<group>";
		};
/* End PBXGroup section */

/* Begin PBXNativeTarget section */
		FACA85512759508D00D0901D /* SetTheGame */ = {
			isa = PBXNativeTarget;
			buildConfigurationList = FACA85662759509000D0901D /* Build configuration list for PBXNativeTarget "SetTheGame" */;
			buildPhases = (
				FACA854E2759508D00D0901D /* Sources */,
				FACA854F2759508D00D0901D /* Frameworks */,
				FACA85502759508D00D0901D /* Resources */,
			);
			buildRules = (
			);
			dependencies = (
			);
			name = SetTheGame;
			productName = SetTheGame;
			productReference = FACA85522759508D00D0901D /* SetTheGame.app */;
			productType = "com.apple.product-type.application";
		};
/* End PBXNativeTarget section */

/* Begin PBXProject section */
		FACA854A2759508D00D0901D /* Project object */ = {
			isa = PBXProject;
			attributes = {
				LastSwiftUpdateCheck = 1240;
				LastUpgradeCheck = 1240;
				TargetAttributes = {
					FACA85512759508D00D0901D = {
						CreatedOnToolsVersion = 12.4;
					};
				};
			};
			buildConfigurationList = FACA854D2759508D00D0901D /* Build configuration list for PBXProject "SetTheGame" */;
			compatibilityVersion = "Xcode 9.3";
			developmentRegion = en;
			hasScannedForEncodings = 0;
			knownRegions = (
				en,
				Base,
			);
			mainGroup = FACA85492759508D00D0901D;
			productRefGroup = FACA85532759508D00D0901D /* Products */;
			projectDirPath = "";
			projectRoot = "";
			targets = (
				FACA85512759508D00D0901D /* SetTheGame */,
			);
		};
/* End PBXProject section */

/* Begin PBXResourcesBuildPhase section */
		FACA85502759508D00D0901D /* Resources */ = {
			isa = PBXResourcesBuildPhase;
			buildActionMask = 2147483647;
			files = (
				FACA856F275951B000D0901D /* .gitignore in Resources */,
				FACA85622759509000D0901D /* LaunchScreen.storyboard in Resources */,
				FACA855F2759509000D0901D /* Assets.xcassets in Resources */,
				FACA855D2759508D00D0901D /* Main.storyboard in Resources */,
			);
			runOnlyForDeploymentPostprocessing = 0;
		};
/* End PBXResourcesBuildPhase section */

/* Begin PBXSourcesBuildPhase section */
		FACA854E2759508D00D0901D /* Sources */ = {
			isa = PBXSourcesBuildPhase;
			buildActionMask = 2147483647;
			files = (
				FACA855A2759508D00D0901D /* ViewController.swift in Sources */,
				FACA85562759508D00D0901D /* AppDelegate.swift in Sources */,
				FACA85582759508D00D0901D /* SceneDelegate.swift in Sources */,
				FACA8579275954CD00D0901D /* Card.swift in Sources */,
				FA79A7D8275AA94B00D4856F /* CardButton.swift in Sources */,
				FA3BA1A1276B62A7001DE760 /* SetCardDeck.swift in Sources */,
				FA3BA1A4276B7886001DE760 /* SetGame.swift in Sources */,
			);
			runOnlyForDeploymentPostprocessing = 0;
		};
/* End PBXSourcesBuildPhase section */

/* Begin PBXVariantGroup section */
		FACA855B2759508D00D0901D /* Main.storyboard */ = {
			isa = PBXVariantGroup;
			children = (
				FACA855C2759508D00D0901D /* Base */,
			);
			name = Main.storyboard;
			sourceTree = "<group>";
		};
		FACA85602759509000D0901D /* LaunchScreen.storyboard */ = {
			isa = PBXVariantGroup;
			children = (
				FACA85612759509000D0901D /* Base */,
			);
			name = LaunchScreen.storyboard;
			sourceTree = "<group>";
		};
/* End PBXVariantGroup section */

/* Begin XCBuildConfiguration section */
		FACA85642759509000D0901D /* Debug */ = {
			isa = XCBuildConfiguration;
			buildSettings = {
				ALWAYS_SEARCH_USER_PATHS = NO;
				CLANG_ANALYZER_NONNULL = YES;
				CLANG_ANALYZER_NUMBER_OBJECT_CONVERSION = YES_AGGRESSIVE;
				CLANG_CXX_LANGUAGE_STANDARD = "gnu++14";
				CLANG_CXX_LIBRARY = "libc++";
				CLANG_ENABLE_MODULES = YES;
				CLANG_ENABLE_OBJC_ARC = YES;
				CLANG_ENABLE_OBJC_WEAK = YES;
				CLANG_WARN_BLOCK_CAPTURE_AUTORELEASING = YES;
				CLANG_WARN_BOOL_CONVERSION = YES;
				CLANG_WARN_COMMA = YES;
				CLANG_WARN_CONSTANT_CONVERSION = YES;
				CLANG_WARN_DEPRECATED_OBJC_IMPLEMENTATIONS = YES;
				CLANG_WARN_DIRECT_OBJC_ISA_USAGE = YES_ERROR;
				CLANG_WARN_DOCUMENTATION_COMMENTS = YES;
				CLANG_WARN_EMPTY_BODY = YES;
				CLANG_WARN_ENUM_CONVERSION = YES;
				CLANG_WARN_INFINITE_RECURSION = YES;
				CLANG_WARN_INT_CONVERSION = YES;
				CLANG_WARN_NON_LITERAL_NULL_CONVERSION = YES;
				CLANG_WARN_OBJC_IMPLICIT_RETAIN_SELF = YES;
				CLANG_WARN_OBJC_LITERAL_CONVERSION = YES;
				CLANG_WARN_OBJC_ROOT_CLASS = YES_ERROR;
				CLANG_WARN_QUOTED_INCLUDE_IN_FRAMEWORK_HEADER = YES;
				CLANG_WARN_RANGE_LOOP_ANALYSIS = YES;
				CLANG_WARN_STRICT_PROTOTYPES = YES;
				CLANG_WARN_SUSPICIOUS_MOVE = YES;
				CLANG_WARN_UNGUARDED_AVAILABILITY = YES_AGGRESSIVE;
				CLANG_WARN_UNREACHABLE_CODE = YES;
				CLANG_WARN__DUPLICATE_METHOD_MATCH = YES;
				COPY_PHASE_STRIP = NO;
				DEBUG_INFORMATION_FORMAT = dwarf;
				ENABLE_STRICT_OBJC_MSGSEND = YES;
				ENABLE_TESTABILITY = YES;
				GCC_C_LANGUAGE_STANDARD = gnu11;
				GCC_DYNAMIC_NO_PIC = NO;
				GCC_NO_COMMON_BLOCKS = YES;
				GCC_OPTIMIZATION_LEVEL = 0;
				GCC_PREPROCESSOR_DEFINITIONS = (
					"DEBUG=1",
					"$(inherited)",
				);
				GCC_WARN_64_TO_32_BIT_CONVERSION = YES;
				GCC_WARN_ABOUT_RETURN_TYPE = YES_ERROR;
				GCC_WARN_UNDECLARED_SELECTOR = YES;
				GCC_WARN_UNINITIALIZED_AUTOS = YES_AGGRESSIVE;
				GCC_WARN_UNUSED_FUNCTION = YES;
				GCC_WARN_UNUSED_VARIABLE = YES;
				IPHONEOS_DEPLOYMENT_TARGET = 14.4;
				MTL_ENABLE_DEBUG_INFO = INCLUDE_SOURCE;
				MTL_FAST_MATH = YES;
				ONLY_ACTIVE_ARCH = YES;
				SDKROOT = iphoneos;
				SWIFT_ACTIVE_COMPILATION_CONDITIONS = DEBUG;
				SWIFT_OPTIMIZATION_LEVEL = "-Onone";
			};
			name = Debug;
		};
		FACA85652759509000D0901D /* Release */ = {
			isa = XCBuildConfiguration;
			buildSettings = {
				ALWAYS_SEARCH_USER_PATHS = NO;
				CLANG_ANALYZER_NONNULL = YES;
				CLANG_ANALYZER_NUMBER_OBJECT_CONVERSION = YES_AGGRESSIVE;
				CLANG_CXX_LANGUAGE_STANDARD = "gnu++14";
				CLANG_CXX_LIBRARY = "libc++";
				CLANG_ENABLE_MODULES = YES;
				CLANG_ENABLE_OBJC_ARC = YES;
				CLANG_ENABLE_OBJC_WEAK = YES;
				CLANG_WARN_BLOCK_CAPTURE_AUTORELEASING = YES;
				CLANG_WARN_BOOL_CONVERSION = YES;
				CLANG_WARN_COMMA = YES;
				CLANG_WARN_CONSTANT_CONVERSION = YES;
				CLANG_WARN_DEPRECATED_OBJC_IMPLEMENTATIONS = YES;
				CLANG_WARN_DIRECT_OBJC_ISA_USAGE = YES_ERROR;
				CLANG_WARN_DOCUMENTATION_COMMENTS = YES;
				CLANG_WARN_EMPTY_BODY = YES;
				CLANG_WARN_ENUM_CONVERSION = YES;
				CLANG_WARN_INFINITE_RECURSION = YES;
				CLANG_WARN_INT_CONVERSION = YES;
				CLANG_WARN_NON_LITERAL_NULL_CONVERSION = YES;
				CLANG_WARN_OBJC_IMPLICIT_RETAIN_SELF = YES;
				CLANG_WARN_OBJC_LITERAL_CONVERSION = YES;
				CLANG_WARN_OBJC_ROOT_CLASS = YES_ERROR;
				CLANG_WARN_QUOTED_INCLUDE_IN_FRAMEWORK_HEADER = YES;
				CLANG_WARN_RANGE_LOOP_ANALYSIS = YES;
				CLANG_WARN_STRICT_PROTOTYPES = YES;
				CLANG_WARN_SUSPICIOUS_MOVE = YES;
				CLANG_WARN_UNGUARDED_AVAILABILITY = YES_AGGRESSIVE;
				CLANG_WARN_UNREACHABLE_CODE = YES;
				CLANG_WARN__DUPLICATE_METHOD_MATCH = YES;
				COPY_PHASE_STRIP = NO;
				DEBUG_INFORMATION_FORMAT = "dwarf-with-dsym";
				ENABLE_NS_ASSERTIONS = NO;
				ENABLE_STRICT_OBJC_MSGSEND = YES;
				GCC_C_LANGUAGE_STANDARD = gnu11;
				GCC_NO_COMMON_BLOCKS = YES;
				GCC_WARN_64_TO_32_BIT_CONVERSION = YES;
				GCC_WARN_ABOUT_RETURN_TYPE = YES_ERROR;
				GCC_WARN_UNDECLARED_SELECTOR = YES;
				GCC_WARN_UNINITIALIZED_AUTOS = YES_AGGRESSIVE;
				GCC_WARN_UNUSED_FUNCTION = YES;
				GCC_WARN_UNUSED_VARIABLE = YES;
				IPHONEOS_DEPLOYMENT_TARGET = 14.4;
				MTL_ENABLE_DEBUG_INFO = NO;
				MTL_FAST_MATH = YES;
				SDKROOT = iphoneos;
				SWIFT_COMPILATION_MODE = wholemodule;
				SWIFT_OPTIMIZATION_LEVEL = "-O";
				VALIDATE_PRODUCT = YES;
			};
			name = Release;
		};
		FACA85672759509000D0901D /* Debug */ = {
			isa = XCBuildConfiguration;
			buildSettings = {
				ASSETCATALOG_COMPILER_APPICON_NAME = AppIcon;
				ASSETCATALOG_COMPILER_GLOBAL_ACCENT_COLOR_NAME = AccentColor;
				CODE_SIGN_STYLE = Automatic;
				DEVELOPMENT_TEAM = G8488GQKLC;
				INFOPLIST_FILE = SetTheGame/Info.plist;
				LD_RUNPATH_SEARCH_PATHS = (
					"$(inherited)",
					"@executable_path/Frameworks",
				);
				PRODUCT_BUNDLE_IDENTIFIER = wohagy.SetTheGame;
				PRODUCT_NAME = "$(TARGET_NAME)";
				SWIFT_VERSION = 5.0;
				TARGETED_DEVICE_FAMILY = "1,2";
			};
			name = Debug;
		};
		FACA85682759509000D0901D /* Release */ = {
			isa = XCBuildConfiguration;
			buildSettings = {
				ASSETCATALOG_COMPILER_APPICON_NAME = AppIcon;
				ASSETCATALOG_COMPILER_GLOBAL_ACCENT_COLOR_NAME = AccentColor;
				CODE_SIGN_STYLE = Automatic;
				DEVELOPMENT_TEAM = G8488GQKLC;
				INFOPLIST_FILE = SetTheGame/Info.plist;
				LD_RUNPATH_SEARCH_PATHS = (
					"$(inherited)",
					"@executable_path/Frameworks",
				);
				PRODUCT_BUNDLE_IDENTIFIER = wohagy.SetTheGame;
				PRODUCT_NAME = "$(TARGET_NAME)";
				SWIFT_VERSION = 5.0;
				TARGETED_DEVICE_FAMILY = "1,2";
			};
			name = Release;
		};
/* End XCBuildConfiguration section */

/* Begin XCConfigurationList section */
		FACA854D2759508D00D0901D /* Build configuration list for PBXProject "SetTheGame" */ = {
			isa = XCConfigurationList;
			buildConfigurations = (
				FACA85642759509000D0901D /* Debug */,
				FACA85652759509000D0901D /* Release */,
			);
			defaultConfigurationIsVisible = 0;
			defaultConfigurationName = Release;
		};
		FACA85662759509000D0901D /* Build configuration list for PBXNativeTarget "SetTheGame" */ = {
			isa = XCConfigurationList;
			buildConfigurations = (
				FACA85672759509000D0901D /* Debug */,
				FACA85682759509000D0901D /* Release */,
			);
			defaultConfigurationIsVisible = 0;
			defaultConfigurationName = Release;
		};
/* End XCConfigurationList section */
	};
	rootObject = FACA854A2759508D00D0901D /* Project object */;
}
